// !$*UTF8*$!
{
	archiveVersion = 1;
	classes = {
	};
	objectVersion = 51;
	objects = {

/* Begin PBXBuildFile section */
		310B7FB92602789200539DD3 /* TabBar.swift in Sources */ = {isa = PBXBuildFile; fileRef = 310B7FB82602789200539DD3 /* TabBar.swift */; };
		310B7FC02602976E00539DD3 /* ProfileView.swift in Sources */ = {isa = PBXBuildFile; fileRef = 310B7FBF2602976E00539DD3 /* ProfileView.swift */; };
		310B7FC32602978E00539DD3 /* CollectionsView.swift in Sources */ = {isa = PBXBuildFile; fileRef = 310B7FC22602978E00539DD3 /* CollectionsView.swift */; };
		310B7FE72602A01700539DD3 /* SearchView.swift in Sources */ = {isa = PBXBuildFile; fileRef = 310B7FE62602A01700539DD3 /* SearchView.swift */; };
		3144E13D26140D09008BB28C /* AppState.swift in Sources */ = {isa = PBXBuildFile; fileRef = 3144E13C26140D09008BB28C /* AppState.swift */; };
		3144E14026140D8B008BB28C /* Tab.swift in Sources */ = {isa = PBXBuildFile; fileRef = 3144E13F26140D8B008BB28C /* Tab.swift */; };
		315001D226050D7C0092A49E /* MoreView.swift in Sources */ = {isa = PBXBuildFile; fileRef = 315001CF26050D7C0092A49E /* MoreView.swift */; };
		315001D326050D7C0092A49E /* MoreRow.swift in Sources */ = {isa = PBXBuildFile; fileRef = 315001D026050D7C0092A49E /* MoreRow.swift */; };
		3177CF0E25F1CED5000F3101 /* RecreationalistApp.swift in Sources */ = {isa = PBXBuildFile; fileRef = 3177CF0D25F1CED5000F3101 /* RecreationalistApp.swift */; };
		3177CF1225F1CED9000F3101 /* Assets.xcassets in Resources */ = {isa = PBXBuildFile; fileRef = 3177CF1125F1CED9000F3101 /* Assets.xcassets */; };
		3177CF1525F1CED9000F3101 /* Preview Assets.xcassets in Resources */ = {isa = PBXBuildFile; fileRef = 3177CF1425F1CED9000F3101 /* Preview Assets.xcassets */; };
		3177CF3325F1D7FD000F3101 /* AppDelegate.swift in Sources */ = {isa = PBXBuildFile; fileRef = 3177CF3225F1D7FD000F3101 /* AppDelegate.swift */; };
		31B6EAB4260E906200DC5DC7 /* ParksView.swift in Sources */ = {isa = PBXBuildFile; fileRef = 31B6EAB3260E906200DC5DC7 /* ParksView.swift */; };
		31B6EAC8260EF30D00DC5DC7 /* GymView.swift in Sources */ = {isa = PBXBuildFile; fileRef = 31B6EAC7260EF30D00DC5DC7 /* GymView.swift */; };
		31B6EACB260EF33000DC5DC7 /* FieldsView.swift in Sources */ = {isa = PBXBuildFile; fileRef = 31B6EACA260EF33000DC5DC7 /* FieldsView.swift */; };
		31B6EACE260EF34700DC5DC7 /* PoolsView.swift in Sources */ = {isa = PBXBuildFile; fileRef = 31B6EACD260EF34700DC5DC7 /* PoolsView.swift */; };
		31B6EAD1260EF36C00DC5DC7 /* ClassesView.swift in Sources */ = {isa = PBXBuildFile; fileRef = 31B6EAD0260EF36C00DC5DC7 /* ClassesView.swift */; };
		31D6F8B1260E4C8C00936E3D /* TrailsView.swift in Sources */ = {isa = PBXBuildFile; fileRef = 31D6F8B0260E4C8C00936E3D /* TrailsView.swift */; };
		31DF3369260B8C8A00C4B619 /* SiteListView.swift in Sources */ = {isa = PBXBuildFile; fileRef = 31DF3368260B8C8A00C4B619 /* SiteListView.swift */; };
		31DF336D260B968C00C4B619 /* FirebaseCollection.swift in Sources */ = {isa = PBXBuildFile; fileRef = 31DF336C260B968C00C4B619 /* FirebaseCollection.swift */; };
		31DF3370260B96EB00C4B619 /* Site.swift in Sources */ = {isa = PBXBuildFile; fileRef = 31DF336F260B96EB00C4B619 /* Site.swift */; };
		31DF3373260B9A0000C4B619 /* SiteDetailView.swift in Sources */ = {isa = PBXBuildFile; fileRef = 31DF3372260B9A0000C4B619 /* SiteDetailView.swift */; };
		31DF3376260B9A1A00C4B619 /* SiteRow.swift in Sources */ = {isa = PBXBuildFile; fileRef = 31DF3375260B9A1A00C4B619 /* SiteRow.swift */; };
		31DF338A260BA32A00C4B619 /* GoogleService-Info.plist in Resources */ = {isa = PBXBuildFile; fileRef = 31DF3389260BA32A00C4B619 /* GoogleService-Info.plist */; };
		4A410CB5260DB2DE003E63A2 /* MoreOption-MyLocation.swift in Sources */ = {isa = PBXBuildFile; fileRef = 4A410CB4260DB2DE003E63A2 /* MoreOption-MyLocation.swift */; };
		4A410CB8260DBCAE003E63A2 /* MoreOption-PrivacySettings.swift in Sources */ = {isa = PBXBuildFile; fileRef = 4A410CB7260DBCAE003E63A2 /* MoreOption-PrivacySettings.swift */; };
		4A845E132609B0F000B37256 /* MoreOption-ClearHistory.swift in Sources */ = {isa = PBXBuildFile; fileRef = 4A845E122609B0F000B37256 /* MoreOption-ClearHistory.swift */; };
		4A845E162609B66300B37256 /* MoreOption-LogOut.swift in Sources */ = {isa = PBXBuildFile; fileRef = 4A845E152609B66300B37256 /* MoreOption-LogOut.swift */; };
		4A845E192609B88C00B37256 /* MoreOption-LocationServices.swift in Sources */ = {isa = PBXBuildFile; fileRef = 4A845E182609B88C00B37256 /* MoreOption-LocationServices.swift */; };
		4A919BDA2612F16E003F5ECF /* CircleImage.swift in Sources */ = {isa = PBXBuildFile; fileRef = 4A919BD92612F16E003F5ECF /* CircleImage.swift */; };
		4AC3DDF72611A79C00051735 /* MoreOption-LinkedAccounts.swift in Sources */ = {isa = PBXBuildFile; fileRef = 4AC3DDF62611A79C00051735 /* MoreOption-LinkedAccounts.swift */; };
		4AC3DDFA2611ACD100051735 /* MoreOption-PushNotifications.swift in Sources */ = {isa = PBXBuildFile; fileRef = 4AC3DDF92611ACD100051735 /* MoreOption-PushNotifications.swift */; };
		4AC3DDFD2611B66B00051735 /* MoreOption-EmailNotifications.swift in Sources */ = {isa = PBXBuildFile; fileRef = 4AC3DDFC2611B66B00051735 /* MoreOption-EmailNotifications.swift */; };
		56973EAEC8C05BB4A5C54AC0 /* Pods_Recreationalist.framework in Frameworks */ = {isa = PBXBuildFile; fileRef = BE6BEC865C0E8C9BC1331760 /* Pods_Recreationalist.framework */; };
/* End PBXBuildFile section */

/* Begin PBXFileReference section */
		21341BC5A860B1AE9EE84F6F /* Pods-Recreationalist.release.xcconfig */ = {isa = PBXFileReference; includeInIndex = 1; lastKnownFileType = text.xcconfig; name = "Pods-Recreationalist.release.xcconfig"; path = "Target Support Files/Pods-Recreationalist/Pods-Recreationalist.release.xcconfig"; sourceTree = "<group>"; };
		310B7FB82602789200539DD3 /* TabBar.swift */ = {isa = PBXFileReference; lastKnownFileType = sourcecode.swift; path = TabBar.swift; sourceTree = "<group>"; };
		310B7FBF2602976E00539DD3 /* ProfileView.swift */ = {isa = PBXFileReference; lastKnownFileType = sourcecode.swift; path = ProfileView.swift; sourceTree = "<group>"; };
		310B7FC22602978E00539DD3 /* CollectionsView.swift */ = {isa = PBXFileReference; lastKnownFileType = sourcecode.swift; path = CollectionsView.swift; sourceTree = "<group>"; };
		310B7FE62602A01700539DD3 /* SearchView.swift */ = {isa = PBXFileReference; lastKnownFileType = sourcecode.swift; path = SearchView.swift; sourceTree = "<group>"; };
		3144E13C26140D09008BB28C /* AppState.swift */ = {isa = PBXFileReference; lastKnownFileType = sourcecode.swift; path = AppState.swift; sourceTree = "<group>"; };
		3144E13F26140D8B008BB28C /* Tab.swift */ = {isa = PBXFileReference; lastKnownFileType = sourcecode.swift; path = Tab.swift; sourceTree = "<group>"; };
		315001CF26050D7C0092A49E /* MoreView.swift */ = {isa = PBXFileReference; fileEncoding = 4; lastKnownFileType = sourcecode.swift; path = MoreView.swift; sourceTree = "<group>"; };
		315001D026050D7C0092A49E /* MoreRow.swift */ = {isa = PBXFileReference; fileEncoding = 4; lastKnownFileType = sourcecode.swift; path = MoreRow.swift; sourceTree = "<group>"; };
		3177CF0A25F1CED5000F3101 /* Recreationalist.app */ = {isa = PBXFileReference; explicitFileType = wrapper.application; includeInIndex = 0; path = Recreationalist.app; sourceTree = BUILT_PRODUCTS_DIR; };
		3177CF0D25F1CED5000F3101 /* RecreationalistApp.swift */ = {isa = PBXFileReference; lastKnownFileType = sourcecode.swift; path = RecreationalistApp.swift; sourceTree = "<group>"; };
		3177CF1125F1CED9000F3101 /* Assets.xcassets */ = {isa = PBXFileReference; lastKnownFileType = folder.assetcatalog; path = Assets.xcassets; sourceTree = "<group>"; };
		3177CF1425F1CED9000F3101 /* Preview Assets.xcassets */ = {isa = PBXFileReference; lastKnownFileType = folder.assetcatalog; path = "Preview Assets.xcassets"; sourceTree = "<group>"; };
		3177CF1625F1CED9000F3101 /* Info.plist */ = {isa = PBXFileReference; lastKnownFileType = text.plist.xml; path = Info.plist; sourceTree = "<group>"; };
		3177CF3225F1D7FD000F3101 /* AppDelegate.swift */ = {isa = PBXFileReference; lastKnownFileType = sourcecode.swift; path = AppDelegate.swift; sourceTree = "<group>"; };
		31B6EAB3260E906200DC5DC7 /* ParksView.swift */ = {isa = PBXFileReference; lastKnownFileType = sourcecode.swift; path = ParksView.swift; sourceTree = "<group>"; };
		31B6EAC7260EF30D00DC5DC7 /* GymView.swift */ = {isa = PBXFileReference; lastKnownFileType = sourcecode.swift; path = GymView.swift; sourceTree = "<group>"; };
		31B6EACA260EF33000DC5DC7 /* FieldsView.swift */ = {isa = PBXFileReference; lastKnownFileType = sourcecode.swift; path = FieldsView.swift; sourceTree = "<group>"; };
		31B6EACD260EF34700DC5DC7 /* PoolsView.swift */ = {isa = PBXFileReference; lastKnownFileType = sourcecode.swift; path = PoolsView.swift; sourceTree = "<group>"; };
		31B6EAD0260EF36C00DC5DC7 /* ClassesView.swift */ = {isa = PBXFileReference; lastKnownFileType = sourcecode.swift; path = ClassesView.swift; sourceTree = "<group>"; };
		31D6F8B0260E4C8C00936E3D /* TrailsView.swift */ = {isa = PBXFileReference; lastKnownFileType = sourcecode.swift; path = TrailsView.swift; sourceTree = "<group>"; };
		31DF3368260B8C8A00C4B619 /* SiteListView.swift */ = {isa = PBXFileReference; lastKnownFileType = sourcecode.swift; path = SiteListView.swift; sourceTree = "<group>"; };
		31DF336C260B968C00C4B619 /* FirebaseCollection.swift */ = {isa = PBXFileReference; lastKnownFileType = sourcecode.swift; path = FirebaseCollection.swift; sourceTree = "<group>"; };
		31DF336F260B96EB00C4B619 /* Site.swift */ = {isa = PBXFileReference; lastKnownFileType = sourcecode.swift; path = Site.swift; sourceTree = "<group>"; };
		31DF3372260B9A0000C4B619 /* SiteDetailView.swift */ = {isa = PBXFileReference; lastKnownFileType = sourcecode.swift; path = SiteDetailView.swift; sourceTree = "<group>"; };
		31DF3375260B9A1A00C4B619 /* SiteRow.swift */ = {isa = PBXFileReference; lastKnownFileType = sourcecode.swift; path = SiteRow.swift; sourceTree = "<group>"; };
		31DF3389260BA32A00C4B619 /* GoogleService-Info.plist */ = {isa = PBXFileReference; fileEncoding = 4; lastKnownFileType = text.plist.xml; path = "GoogleService-Info.plist"; sourceTree = "<group>"; };
		391D6AAC08F5F7ED3F08D1C0 /* Pods-Recreationalist.debug.xcconfig */ = {isa = PBXFileReference; includeInIndex = 1; lastKnownFileType = text.xcconfig; name = "Pods-Recreationalist.debug.xcconfig"; path = "Target Support Files/Pods-Recreationalist/Pods-Recreationalist.debug.xcconfig"; sourceTree = "<group>"; };
		4A410CB4260DB2DE003E63A2 /* MoreOption-MyLocation.swift */ = {isa = PBXFileReference; lastKnownFileType = sourcecode.swift; path = "MoreOption-MyLocation.swift"; sourceTree = "<group>"; };
		4A410CB7260DBCAE003E63A2 /* MoreOption-PrivacySettings.swift */ = {isa = PBXFileReference; lastKnownFileType = sourcecode.swift; path = "MoreOption-PrivacySettings.swift"; sourceTree = "<group>"; };
		4A845E122609B0F000B37256 /* MoreOption-ClearHistory.swift */ = {isa = PBXFileReference; lastKnownFileType = sourcecode.swift; path = "MoreOption-ClearHistory.swift"; sourceTree = "<group>"; };
		4A845E152609B66300B37256 /* MoreOption-LogOut.swift */ = {isa = PBXFileReference; lastKnownFileType = sourcecode.swift; path = "MoreOption-LogOut.swift"; sourceTree = "<group>"; };
		4A845E182609B88C00B37256 /* MoreOption-LocationServices.swift */ = {isa = PBXFileReference; lastKnownFileType = sourcecode.swift; path = "MoreOption-LocationServices.swift"; sourceTree = "<group>"; };
		4A919BD92612F16E003F5ECF /* CircleImage.swift */ = {isa = PBXFileReference; lastKnownFileType = sourcecode.swift; path = CircleImage.swift; sourceTree = "<group>"; };
		4AC3DDF62611A79C00051735 /* MoreOption-LinkedAccounts.swift */ = {isa = PBXFileReference; lastKnownFileType = sourcecode.swift; path = "MoreOption-LinkedAccounts.swift"; sourceTree = "<group>"; };
		4AC3DDF92611ACD100051735 /* MoreOption-PushNotifications.swift */ = {isa = PBXFileReference; lastKnownFileType = sourcecode.swift; path = "MoreOption-PushNotifications.swift"; sourceTree = "<group>"; };
		4AC3DDFC2611B66B00051735 /* MoreOption-EmailNotifications.swift */ = {isa = PBXFileReference; lastKnownFileType = sourcecode.swift; path = "MoreOption-EmailNotifications.swift"; sourceTree = "<group>"; };
		BE6BEC865C0E8C9BC1331760 /* Pods_Recreationalist.framework */ = {isa = PBXFileReference; explicitFileType = wrapper.framework; includeInIndex = 0; path = Pods_Recreationalist.framework; sourceTree = BUILT_PRODUCTS_DIR; };
/* End PBXFileReference section */

/* Begin PBXFrameworksBuildPhase section */
		3177CF0725F1CED5000F3101 /* Frameworks */ = {
			isa = PBXFrameworksBuildPhase;
			buildActionMask = 2147483647;
			files = (
				56973EAEC8C05BB4A5C54AC0 /* Pods_Recreationalist.framework in Frameworks */,
			);
			runOnlyForDeploymentPostprocessing = 0;
		};
/* End PBXFrameworksBuildPhase section */

/* Begin PBXGroup section */
		315001CE26050D7C0092A49E /* Views */ = {
			isa = PBXGroup;
			children = (
				310B7FB82602789200539DD3 /* TabBar.swift */,
				4AC3DDF62611A79C00051735 /* MoreOption-LinkedAccounts.swift */,
				4AC3DDFC2611B66B00051735 /* MoreOption-EmailNotifications.swift */,
				4AC3DDF92611ACD100051735 /* MoreOption-PushNotifications.swift */,
				315001CF26050D7C0092A49E /* MoreView.swift */,
				4A410CB7260DBCAE003E63A2 /* MoreOption-PrivacySettings.swift */,
				4A410CB4260DB2DE003E63A2 /* MoreOption-MyLocation.swift */,
				4A845E182609B88C00B37256 /* MoreOption-LocationServices.swift */,
				4A845E152609B66300B37256 /* MoreOption-LogOut.swift */,
				4A845E122609B0F000B37256 /* MoreOption-ClearHistory.swift */,
				315001D026050D7C0092A49E /* MoreRow.swift */,
				310B7FBF2602976E00539DD3 /* ProfileView.swift */,
				4A919BD92612F16E003F5ECF /* CircleImage.swift */,
				310B7FC22602978E00539DD3 /* CollectionsView.swift */,
				310B7FE62602A01700539DD3 /* SearchView.swift */,
				31DF3368260B8C8A00C4B619 /* SiteListView.swift */,
				31DF3372260B9A0000C4B619 /* SiteDetailView.swift */,
				31DF3375260B9A1A00C4B619 /* SiteRow.swift */,
				31D6F8B0260E4C8C00936E3D /* TrailsView.swift */,
				31B6EAB3260E906200DC5DC7 /* ParksView.swift */,
				31B6EAC7260EF30D00DC5DC7 /* GymView.swift */,
				31B6EACA260EF33000DC5DC7 /* FieldsView.swift */,
				31B6EACD260EF34700DC5DC7 /* PoolsView.swift */,
				31B6EAD0260EF36C00DC5DC7 /* ClassesView.swift */,
			);
			path = Views;
			sourceTree = "<group>";
		};
		315001FA260511570092A49E /* Controller */ = {
			isa = PBXGroup;
			children = (
				3177CF0D25F1CED5000F3101 /* RecreationalistApp.swift */,
				3177CF3225F1D7FD000F3101 /* AppDelegate.swift */,
				3144E13C26140D09008BB28C /* AppState.swift */,
				3144E13F26140D8B008BB28C /* Tab.swift */,
			);
			path = Controller;
			sourceTree = "<group>";
		};
		3177CF0125F1CED5000F3101 = {
			isa = PBXGroup;
			children = (
				3177CF0C25F1CED5000F3101 /* Recreationalist */,
				3177CF0B25F1CED5000F3101 /* Products */,
				3B95ABF1F8916237D0E2F6F0 /* Pods */,
				CEF0F0BFB87C92C2E4A1E583 /* Frameworks */,
			);
			sourceTree = "<group>";
		};
		3177CF0B25F1CED5000F3101 /* Products */ = {
			isa = PBXGroup;
			children = (
				3177CF0A25F1CED5000F3101 /* Recreationalist.app */,
			);
			name = Products;
			sourceTree = "<group>";
		};
		3177CF0C25F1CED5000F3101 /* Recreationalist */ = {
			isa = PBXGroup;
			children = (
				31DF336B260B967200C4B619 /* Model */,
				315001FA260511570092A49E /* Controller */,
				315001CE26050D7C0092A49E /* Views */,
				3177CF1125F1CED9000F3101 /* Assets.xcassets */,
				3177CF1625F1CED9000F3101 /* Info.plist */,
				31DF3389260BA32A00C4B619 /* GoogleService-Info.plist */,
				3177CF1325F1CED9000F3101 /* Preview Content */,
			);
			path = Recreationalist;
			sourceTree = "<group>";
		};
		3177CF1325F1CED9000F3101 /* Preview Content */ = {
			isa = PBXGroup;
			children = (
				3177CF1425F1CED9000F3101 /* Preview Assets.xcassets */,
			);
			path = "Preview Content";
			sourceTree = "<group>";
		};
		31DF336B260B967200C4B619 /* Model */ = {
			isa = PBXGroup;
			children = (
				31DF336C260B968C00C4B619 /* FirebaseCollection.swift */,
				31DF336F260B96EB00C4B619 /* Site.swift */,
			);
			path = Model;
			sourceTree = "<group>";
		};
		3B95ABF1F8916237D0E2F6F0 /* Pods */ = {
			isa = PBXGroup;
			children = (
				391D6AAC08F5F7ED3F08D1C0 /* Pods-Recreationalist.debug.xcconfig */,
				21341BC5A860B1AE9EE84F6F /* Pods-Recreationalist.release.xcconfig */,
			);
			path = Pods;
			sourceTree = "<group>";
		};
		CEF0F0BFB87C92C2E4A1E583 /* Frameworks */ = {
			isa = PBXGroup;
			children = (
				BE6BEC865C0E8C9BC1331760 /* Pods_Recreationalist.framework */,
			);
			name = Frameworks;
			sourceTree = "<group>";
		};
/* End PBXGroup section */

/* Begin PBXNativeTarget section */
		3177CF0925F1CED5000F3101 /* Recreationalist */ = {
			isa = PBXNativeTarget;
			buildConfigurationList = 3177CF1925F1CED9000F3101 /* Build configuration list for PBXNativeTarget "Recreationalist" */;
			buildPhases = (
				763E5CCEF255330D132D0D7A /* [CP] Check Pods Manifest.lock */,
				3177CF0625F1CED5000F3101 /* Sources */,
				3177CF0725F1CED5000F3101 /* Frameworks */,
				3177CF0825F1CED5000F3101 /* Resources */,
				C4AED2C01AE51E7BD764C0BB /* [CP] Embed Pods Frameworks */,
			);
			buildRules = (
			);
			dependencies = (
			);
			name = Recreationalist;
			productName = Recreationalist;
			productReference = 3177CF0A25F1CED5000F3101 /* Recreationalist.app */;
			productType = "com.apple.product-type.application";
		};
/* End PBXNativeTarget section */

/* Begin PBXProject section */
		3177CF0225F1CED5000F3101 /* Project object */ = {
			isa = PBXProject;
			attributes = {
				LastSwiftUpdateCheck = 1240;
				LastUpgradeCheck = 1240;
				TargetAttributes = {
					3177CF0925F1CED5000F3101 = {
						CreatedOnToolsVersion = 12.4;
					};
				};
			};
			buildConfigurationList = 3177CF0525F1CED5000F3101 /* Build configuration list for PBXProject "Recreationalist" */;
			compatibilityVersion = "Xcode 9.3";
			developmentRegion = en;
			hasScannedForEncodings = 0;
			knownRegions = (
				en,
				Base,
			);
			mainGroup = 3177CF0125F1CED5000F3101;
			productRefGroup = 3177CF0B25F1CED5000F3101 /* Products */;
			projectDirPath = "";
			projectRoot = "";
			targets = (
				3177CF0925F1CED5000F3101 /* Recreationalist */,
			);
		};
/* End PBXProject section */

/* Begin PBXResourcesBuildPhase section */
		3177CF0825F1CED5000F3101 /* Resources */ = {
			isa = PBXResourcesBuildPhase;
			buildActionMask = 2147483647;
			files = (
				3177CF1525F1CED9000F3101 /* Preview Assets.xcassets in Resources */,
				3177CF1225F1CED9000F3101 /* Assets.xcassets in Resources */,
				31DF338A260BA32A00C4B619 /* GoogleService-Info.plist in Resources */,
			);
			runOnlyForDeploymentPostprocessing = 0;
		};
/* End PBXResourcesBuildPhase section */

/* Begin PBXShellScriptBuildPhase section */
		763E5CCEF255330D132D0D7A /* [CP] Check Pods Manifest.lock */ = {
			isa = PBXShellScriptBuildPhase;
			buildActionMask = 2147483647;
			files = (
			);
			inputFileListPaths = (
			);
			inputPaths = (
				"${PODS_PODFILE_DIR_PATH}/Podfile.lock",
				"${PODS_ROOT}/Manifest.lock",
			);
			name = "[CP] Check Pods Manifest.lock";
			outputFileListPaths = (
			);
			outputPaths = (
				"$(DERIVED_FILE_DIR)/Pods-Recreationalist-checkManifestLockResult.txt",
			);
			runOnlyForDeploymentPostprocessing = 0;
			shellPath = /bin/sh;
			shellScript = "diff \"${PODS_PODFILE_DIR_PATH}/Podfile.lock\" \"${PODS_ROOT}/Manifest.lock\" > /dev/null\nif [ $? != 0 ] ; then\n    # print error to STDERR\n    echo \"error: The sandbox is not in sync with the Podfile.lock. Run 'pod install' or update your CocoaPods installation.\" >&2\n    exit 1\nfi\n# This output is used by Xcode 'outputs' to avoid re-running this script phase.\necho \"SUCCESS\" > \"${SCRIPT_OUTPUT_FILE_0}\"\n";
			showEnvVarsInLog = 0;
		};
		C4AED2C01AE51E7BD764C0BB /* [CP] Embed Pods Frameworks */ = {
			isa = PBXShellScriptBuildPhase;
			buildActionMask = 2147483647;
			files = (
			);
			inputFileListPaths = (
				"${PODS_ROOT}/Target Support Files/Pods-Recreationalist/Pods-Recreationalist-frameworks-${CONFIGURATION}-input-files.xcfilelist",
			);
			name = "[CP] Embed Pods Frameworks";
			outputFileListPaths = (
				"${PODS_ROOT}/Target Support Files/Pods-Recreationalist/Pods-Recreationalist-frameworks-${CONFIGURATION}-output-files.xcfilelist",
			);
			runOnlyForDeploymentPostprocessing = 0;
			shellPath = /bin/sh;
			shellScript = "\"${PODS_ROOT}/Target Support Files/Pods-Recreationalist/Pods-Recreationalist-frameworks.sh\"\n";
			showEnvVarsInLog = 0;
		};
/* End PBXShellScriptBuildPhase section */

/* Begin PBXSourcesBuildPhase section */
		3177CF0625F1CED5000F3101 /* Sources */ = {
			isa = PBXSourcesBuildPhase;
			buildActionMask = 2147483647;
			files = (
				4A410CB8260DBCAE003E63A2 /* MoreOption-PrivacySettings.swift in Sources */,
				31DF3370260B96EB00C4B619 /* Site.swift in Sources */,
				3177CF3325F1D7FD000F3101 /* AppDelegate.swift in Sources */,
				31B6EAB4260E906200DC5DC7 /* ParksView.swift in Sources */,
				31D6F8B1260E4C8C00936E3D /* TrailsView.swift in Sources */,
				315001D226050D7C0092A49E /* MoreView.swift in Sources */,
				31B6EACB260EF33000DC5DC7 /* FieldsView.swift in Sources */,
				4A845E192609B88C00B37256 /* MoreOption-LocationServices.swift in Sources */,
				4AC3DDF72611A79C00051735 /* MoreOption-LinkedAccounts.swift in Sources */,
				31B6EAC8260EF30D00DC5DC7 /* GymView.swift in Sources */,
				310B7FC32602978E00539DD3 /* CollectionsView.swift in Sources */,
				31B6EACE260EF34700DC5DC7 /* PoolsView.swift in Sources */,
				31DF3376260B9A1A00C4B619 /* SiteRow.swift in Sources */,
				4AC3DDFA2611ACD100051735 /* MoreOption-PushNotifications.swift in Sources */,
				31DF3373260B9A0000C4B619 /* SiteDetailView.swift in Sources */,
				4AC3DDFD2611B66B00051735 /* MoreOption-EmailNotifications.swift in Sources */,
				31DF336D260B968C00C4B619 /* FirebaseCollection.swift in Sources */,
				4A919BDA2612F16E003F5ECF /* CircleImage.swift in Sources */,
				31B6EAD1260EF36C00DC5DC7 /* ClassesView.swift in Sources */,
				3177CF0E25F1CED5000F3101 /* RecreationalistApp.swift in Sources */,
				315001D326050D7C0092A49E /* MoreRow.swift in Sources */,
				310B7FE72602A01700539DD3 /* SearchView.swift in Sources */,
				310B7FC02602976E00539DD3 /* ProfileView.swift in Sources */,
				4A410CB5260DB2DE003E63A2 /* MoreOption-MyLocation.swift in Sources */,
				4A845E132609B0F000B37256 /* MoreOption-ClearHistory.swift in Sources */,
				3144E13D26140D09008BB28C /* AppState.swift in Sources */,
				31DF3369260B8C8A00C4B619 /* SiteListView.swift in Sources */,
				3144E14026140D8B008BB28C /* Tab.swift in Sources */,
				310B7FB92602789200539DD3 /* TabBar.swift in Sources */,
				4A845E162609B66300B37256 /* MoreOption-LogOut.swift in Sources */,
			);
			runOnlyForDeploymentPostprocessing = 0;
		};
/* End PBXSourcesBuildPhase section */

/* Begin XCBuildConfiguration section */
		3177CF1725F1CED9000F3101 /* Debug */ = {
			isa = XCBuildConfiguration;
			buildSettings = {
				ALWAYS_SEARCH_USER_PATHS = NO;
				CLANG_ANALYZER_NONNULL = YES;
				CLANG_ANALYZER_NUMBER_OBJECT_CONVERSION = YES_AGGRESSIVE;
				CLANG_CXX_LANGUAGE_STANDARD = "gnu++14";
				CLANG_CXX_LIBRARY = "libc++";
				CLANG_ENABLE_MODULES = YES;
				CLANG_ENABLE_OBJC_ARC = YES;
				CLANG_ENABLE_OBJC_WEAK = YES;
				CLANG_WARN_BLOCK_CAPTURE_AUTORELEASING = YES;
				CLANG_WARN_BOOL_CONVERSION = YES;
				CLANG_WARN_COMMA = YES;
				CLANG_WARN_CONSTANT_CONVERSION = YES;
				CLANG_WARN_DEPRECATED_OBJC_IMPLEMENTATIONS = YES;
				CLANG_WARN_DIRECT_OBJC_ISA_USAGE = YES_ERROR;
				CLANG_WARN_DOCUMENTATION_COMMENTS = YES;
				CLANG_WARN_EMPTY_BODY = YES;
				CLANG_WARN_ENUM_CONVERSION = YES;
				CLANG_WARN_INFINITE_RECURSION = YES;
				CLANG_WARN_INT_CONVERSION = YES;
				CLANG_WARN_NON_LITERAL_NULL_CONVERSION = YES;
				CLANG_WARN_OBJC_IMPLICIT_RETAIN_SELF = YES;
				CLANG_WARN_OBJC_LITERAL_CONVERSION = YES;
				CLANG_WARN_OBJC_ROOT_CLASS = YES_ERROR;
				CLANG_WARN_QUOTED_INCLUDE_IN_FRAMEWORK_HEADER = YES;
				CLANG_WARN_RANGE_LOOP_ANALYSIS = YES;
				CLANG_WARN_STRICT_PROTOTYPES = YES;
				CLANG_WARN_SUSPICIOUS_MOVE = YES;
				CLANG_WARN_UNGUARDED_AVAILABILITY = YES_AGGRESSIVE;
				CLANG_WARN_UNREACHABLE_CODE = YES;
				CLANG_WARN__DUPLICATE_METHOD_MATCH = YES;
				COPY_PHASE_STRIP = NO;
				DEBUG_INFORMATION_FORMAT = dwarf;
				ENABLE_STRICT_OBJC_MSGSEND = YES;
				ENABLE_TESTABILITY = YES;
				GCC_C_LANGUAGE_STANDARD = gnu11;
				GCC_DYNAMIC_NO_PIC = NO;
				GCC_NO_COMMON_BLOCKS = YES;
				GCC_OPTIMIZATION_LEVEL = 0;
				GCC_PREPROCESSOR_DEFINITIONS = (
					"DEBUG=1",
					"$(inherited)",
				);
				GCC_WARN_64_TO_32_BIT_CONVERSION = YES;
				GCC_WARN_ABOUT_RETURN_TYPE = YES_ERROR;
				GCC_WARN_UNDECLARED_SELECTOR = YES;
				GCC_WARN_UNINITIALIZED_AUTOS = YES_AGGRESSIVE;
				GCC_WARN_UNUSED_FUNCTION = YES;
				GCC_WARN_UNUSED_VARIABLE = YES;
				IPHONEOS_DEPLOYMENT_TARGET = 14.4;
				MTL_ENABLE_DEBUG_INFO = INCLUDE_SOURCE;
				MTL_FAST_MATH = YES;
				ONLY_ACTIVE_ARCH = YES;
				SDKROOT = iphoneos;
				SWIFT_ACTIVE_COMPILATION_CONDITIONS = DEBUG;
				SWIFT_OPTIMIZATION_LEVEL = "-Onone";
			};
			name = Debug;
		};
		3177CF1825F1CED9000F3101 /* Release */ = {
			isa = XCBuildConfiguration;
			buildSettings = {
				ALWAYS_SEARCH_USER_PATHS = NO;
				CLANG_ANALYZER_NONNULL = YES;
				CLANG_ANALYZER_NUMBER_OBJECT_CONVERSION = YES_AGGRESSIVE;
				CLANG_CXX_LANGUAGE_STANDARD = "gnu++14";
				CLANG_CXX_LIBRARY = "libc++";
				CLANG_ENABLE_MODULES = YES;
				CLANG_ENABLE_OBJC_ARC = YES;
				CLANG_ENABLE_OBJC_WEAK = YES;
				CLANG_WARN_BLOCK_CAPTURE_AUTORELEASING = YES;
				CLANG_WARN_BOOL_CONVERSION = YES;
				CLANG_WARN_COMMA = YES;
				CLANG_WARN_CONSTANT_CONVERSION = YES;
				CLANG_WARN_DEPRECATED_OBJC_IMPLEMENTATIONS = YES;
				CLANG_WARN_DIRECT_OBJC_ISA_USAGE = YES_ERROR;
				CLANG_WARN_DOCUMENTATION_COMMENTS = YES;
				CLANG_WARN_EMPTY_BODY = YES;
				CLANG_WARN_ENUM_CONVERSION = YES;
				CLANG_WARN_INFINITE_RECURSION = YES;
				CLANG_WARN_INT_CONVERSION = YES;
				CLANG_WARN_NON_LITERAL_NULL_CONVERSION = YES;
				CLANG_WARN_OBJC_IMPLICIT_RETAIN_SELF = YES;
				CLANG_WARN_OBJC_LITERAL_CONVERSION = YES;
				CLANG_WARN_OBJC_ROOT_CLASS = YES_ERROR;
				CLANG_WARN_QUOTED_INCLUDE_IN_FRAMEWORK_HEADER = YES;
				CLANG_WARN_RANGE_LOOP_ANALYSIS = YES;
				CLANG_WARN_STRICT_PROTOTYPES = YES;
				CLANG_WARN_SUSPICIOUS_MOVE = YES;
				CLANG_WARN_UNGUARDED_AVAILABILITY = YES_AGGRESSIVE;
				CLANG_WARN_UNREACHABLE_CODE = YES;
				CLANG_WARN__DUPLICATE_METHOD_MATCH = YES;
				COPY_PHASE_STRIP = NO;
				DEBUG_INFORMATION_FORMAT = "dwarf-with-dsym";
				ENABLE_NS_ASSERTIONS = NO;
				ENABLE_STRICT_OBJC_MSGSEND = YES;
				GCC_C_LANGUAGE_STANDARD = gnu11;
				GCC_NO_COMMON_BLOCKS = YES;
				GCC_WARN_64_TO_32_BIT_CONVERSION = YES;
				GCC_WARN_ABOUT_RETURN_TYPE = YES_ERROR;
				GCC_WARN_UNDECLARED_SELECTOR = YES;
				GCC_WARN_UNINITIALIZED_AUTOS = YES_AGGRESSIVE;
				GCC_WARN_UNUSED_FUNCTION = YES;
				GCC_WARN_UNUSED_VARIABLE = YES;
				IPHONEOS_DEPLOYMENT_TARGET = 14.4;
				MTL_ENABLE_DEBUG_INFO = NO;
				MTL_FAST_MATH = YES;
				SDKROOT = iphoneos;
				SWIFT_COMPILATION_MODE = wholemodule;
				SWIFT_OPTIMIZATION_LEVEL = "-O";
				VALIDATE_PRODUCT = YES;
			};
			name = Release;
		};
		3177CF1A25F1CED9000F3101 /* Debug */ = {
			isa = XCBuildConfiguration;
			baseConfigurationReference = 391D6AAC08F5F7ED3F08D1C0 /* Pods-Recreationalist.debug.xcconfig */;
			buildSettings = {
				ASSETCATALOG_COMPILER_APPICON_NAME = AppIcon;
				ASSETCATALOG_COMPILER_GLOBAL_ACCENT_COLOR_NAME = AccentColor;
				CODE_SIGN_STYLE = Automatic;
				DEVELOPMENT_ASSET_PATHS = "\"Recreationalist/Preview Content\"";
				DEVELOPMENT_TEAM = 2TVUMW59LG;
				ENABLE_PREVIEWS = YES;
				INFOPLIST_FILE = Recreationalist/Info.plist;
				IPHONEOS_DEPLOYMENT_TARGET = 14.0;
				LD_RUNPATH_SEARCH_PATHS = (
					"$(inherited)",
					"@executable_path/Frameworks",
				);
				PRODUCT_BUNDLE_IDENTIFIER = KatrinaCurro.Recreationalist;
				PRODUCT_NAME = "$(TARGET_NAME)";
				SWIFT_VERSION = 5.0;
				TARGETED_DEVICE_FAMILY = "1,2";
			};
			name = Debug;
		};
		3177CF1B25F1CED9000F3101 /* Release */ = {
			isa = XCBuildConfiguration;
			baseConfigurationReference = 21341BC5A860B1AE9EE84F6F /* Pods-Recreationalist.release.xcconfig */;
			buildSettings = {
				ASSETCATALOG_COMPILER_APPICON_NAME = AppIcon;
				ASSETCATALOG_COMPILER_GLOBAL_ACCENT_COLOR_NAME = AccentColor;
				CODE_SIGN_STYLE = Automatic;
				DEVELOPMENT_ASSET_PATHS = "\"Recreationalist/Preview Content\"";
				DEVELOPMENT_TEAM = 2TVUMW59LG;
				ENABLE_PREVIEWS = YES;
				INFOPLIST_FILE = Recreationalist/Info.plist;
				IPHONEOS_DEPLOYMENT_TARGET = 14.0;
				LD_RUNPATH_SEARCH_PATHS = (
					"$(inherited)",
					"@executable_path/Frameworks",
				);
				PRODUCT_BUNDLE_IDENTIFIER = KatrinaCurro.Recreationalist;
				PRODUCT_NAME = "$(TARGET_NAME)";
				SWIFT_VERSION = 5.0;
				TARGETED_DEVICE_FAMILY = "1,2";
			};
			name = Release;
		};
/* End XCBuildConfiguration section */

/* Begin XCConfigurationList section */
		3177CF0525F1CED5000F3101 /* Build configuration list for PBXProject "Recreationalist" */ = {
			isa = XCConfigurationList;
			buildConfigurations = (
				3177CF1725F1CED9000F3101 /* Debug */,
				3177CF1825F1CED9000F3101 /* Release */,
			);
			defaultConfigurationIsVisible = 0;
			defaultConfigurationName = Release;
		};
		3177CF1925F1CED9000F3101 /* Build configuration list for PBXNativeTarget "Recreationalist" */ = {
			isa = XCConfigurationList;
			buildConfigurations = (
				3177CF1A25F1CED9000F3101 /* Debug */,
				3177CF1B25F1CED9000F3101 /* Release */,
			);
			defaultConfigurationIsVisible = 0;
			defaultConfigurationName = Release;
		};
/* End XCConfigurationList section */
	};
	rootObject = 3177CF0225F1CED5000F3101 /* Project object */;
}
